// !$*UTF8*$!
{
	archiveVersion = 1;
	classes = {
	};
	objectVersion = 46;
	objects = {

/* Begin PBXBuildFile section */
		9BD0A5E81E9F02EC00A06EE0 /* AppDelegate.swift in Sources */ = {isa = PBXBuildFile; fileRef = 9BD0A5E71E9F02EC00A06EE0 /* AppDelegate.swift */; };
		9BD0A5EA1E9F02EC00A06EE0 /* ViewController.swift in Sources */ = {isa = PBXBuildFile; fileRef = 9BD0A5E91E9F02EC00A06EE0 /* ViewController.swift */; };
		9BD0A5ED1E9F02EC00A06EE0 /* Main.storyboard in Resources */ = {isa = PBXBuildFile; fileRef = 9BD0A5EB1E9F02EC00A06EE0 /* Main.storyboard */; };
		9BD0A5EF1E9F02EC00A06EE0 /* Assets.xcassets in Resources */ = {isa = PBXBuildFile; fileRef = 9BD0A5EE1E9F02EC00A06EE0 /* Assets.xcassets */; };
		9BD0A5F21E9F02EC00A06EE0 /* LaunchScreen.storyboard in Resources */ = {isa = PBXBuildFile; fileRef = 9BD0A5F01E9F02EC00A06EE0 /* LaunchScreen.storyboard */; };
		9BD0A5FD1E9F02EC00A06EE0 /* OneBluepillarUITests.swift in Sources */ = {isa = PBXBuildFile; fileRef = 9BD0A5FC1E9F02EC00A06EE0 /* OneBluepillarUITests.swift */; };
		9BD0A6081E9F18F800A06EE0 /* TwoBluepillarUITests.swift in Sources */ = {isa = PBXBuildFile; fileRef = 9BD0A6071E9F18F800A06EE0 /* TwoBluepillarUITests.swift */; };
		9BD0A60A1E9F190D00A06EE0 /* ThreeBluepillarUITests.swift in Sources */ = {isa = PBXBuildFile; fileRef = 9BD0A6091E9F190D00A06EE0 /* ThreeBluepillarUITests.swift */; };
		9BD0A60C1E9F191B00A06EE0 /* FourBluepillarUITests.swift in Sources */ = {isa = PBXBuildFile; fileRef = 9BD0A60B1E9F191B00A06EE0 /* FourBluepillarUITests.swift */; };
		9BD0A60E1E9F192F00A06EE0 /* FiveBluepillarUITests.swift in Sources */ = {isa = PBXBuildFile; fileRef = 9BD0A60D1E9F192F00A06EE0 /* FiveBluepillarUITests.swift */; };
		9BD0A6101E9F193E00A06EE0 /* SixBluepillarUITests.swift in Sources */ = {isa = PBXBuildFile; fileRef = 9BD0A60F1E9F193E00A06EE0 /* SixBluepillarUITests.swift */; };
/* End PBXBuildFile section */

/* Begin PBXContainerItemProxy section */
		9BD0A5F91E9F02EC00A06EE0 /* PBXContainerItemProxy */ = {
			isa = PBXContainerItemProxy;
			containerPortal = 9BD0A5DC1E9F02EC00A06EE0 /* Project object */;
			proxyType = 1;
			remoteGlobalIDString = 9BD0A5E31E9F02EC00A06EE0;
			remoteInfo = Bluepillar;
		};
/* End PBXContainerItemProxy section */

/* Begin PBXFileReference section */
		9BD0A5E41E9F02EC00A06EE0 /* Bluepillar.app */ = {isa = PBXFileReference; explicitFileType = wrapper.application; includeInIndex = 0; path = Bluepillar.app; sourceTree = BUILT_PRODUCTS_DIR; };
		9BD0A5E71E9F02EC00A06EE0 /* AppDelegate.swift */ = {isa = PBXFileReference; lastKnownFileType = sourcecode.swift; path = AppDelegate.swift; sourceTree = "<group>"; };
		9BD0A5E91E9F02EC00A06EE0 /* ViewController.swift */ = {isa = PBXFileReference; lastKnownFileType = sourcecode.swift; path = ViewController.swift; sourceTree = "<group>"; };
		9BD0A5EC1E9F02EC00A06EE0 /* Base */ = {isa = PBXFileReference; lastKnownFileType = file.storyboard; name = Base; path = Base.lproj/Main.storyboard; sourceTree = "<group>"; };
		9BD0A5EE1E9F02EC00A06EE0 /* Assets.xcassets */ = {isa = PBXFileReference; lastKnownFileType = folder.assetcatalog; path = Assets.xcassets; sourceTree = "<group>"; };
		9BD0A5F11E9F02EC00A06EE0 /* Base */ = {isa = PBXFileReference; lastKnownFileType = file.storyboard; name = Base; path = Base.lproj/LaunchScreen.storyboard; sourceTree = "<group>"; };
		9BD0A5F31E9F02EC00A06EE0 /* Info.plist */ = {isa = PBXFileReference; lastKnownFileType = text.plist.xml; path = Info.plist; sourceTree = "<group>"; };
		9BD0A5F81E9F02EC00A06EE0 /* BluepillarUITests.xctest */ = {isa = PBXFileReference; explicitFileType = wrapper.cfbundle; includeInIndex = 0; path = BluepillarUITests.xctest; sourceTree = BUILT_PRODUCTS_DIR; };
		9BD0A5FC1E9F02EC00A06EE0 /* OneBluepillarUITests.swift */ = {isa = PBXFileReference; lastKnownFileType = sourcecode.swift; path = OneBluepillarUITests.swift; sourceTree = "<group>"; };
		9BD0A5FE1E9F02EC00A06EE0 /* Info.plist */ = {isa = PBXFileReference; lastKnownFileType = text.plist.xml; path = Info.plist; sourceTree = "<group>"; };
		9BD0A6071E9F18F800A06EE0 /* TwoBluepillarUITests.swift */ = {isa = PBXFileReference; fileEncoding = 4; lastKnownFileType = sourcecode.swift; path = TwoBluepillarUITests.swift; sourceTree = "<group>"; };
		9BD0A6091E9F190D00A06EE0 /* ThreeBluepillarUITests.swift */ = {isa = PBXFileReference; fileEncoding = 4; lastKnownFileType = sourcecode.swift; path = ThreeBluepillarUITests.swift; sourceTree = "<group>"; };
		9BD0A60B1E9F191B00A06EE0 /* FourBluepillarUITests.swift */ = {isa = PBXFileReference; fileEncoding = 4; lastKnownFileType = sourcecode.swift; path = FourBluepillarUITests.swift; sourceTree = "<group>"; };
		9BD0A60D1E9F192F00A06EE0 /* FiveBluepillarUITests.swift */ = {isa = PBXFileReference; fileEncoding = 4; lastKnownFileType = sourcecode.swift; path = FiveBluepillarUITests.swift; sourceTree = "<group>"; };
		9BD0A60F1E9F193E00A06EE0 /* SixBluepillarUITests.swift */ = {isa = PBXFileReference; fileEncoding = 4; lastKnownFileType = sourcecode.swift; path = SixBluepillarUITests.swift; sourceTree = "<group>"; };
/* End PBXFileReference section */

/* Begin PBXFrameworksBuildPhase section */
		9BD0A5E11E9F02EC00A06EE0 /* Frameworks */ = {
			isa = PBXFrameworksBuildPhase;
			buildActionMask = 2147483647;
			files = (
			);
			runOnlyForDeploymentPostprocessing = 0;
		};
		9BD0A5F51E9F02EC00A06EE0 /* Frameworks */ = {
			isa = PBXFrameworksBuildPhase;
			buildActionMask = 2147483647;
			files = (
			);
			runOnlyForDeploymentPostprocessing = 0;
		};
/* End PBXFrameworksBuildPhase section */

/* Begin PBXGroup section */
		9BD0A5DB1E9F02EC00A06EE0 = {
			isa = PBXGroup;
			children = (
				9BD0A5E61E9F02EC00A06EE0 /* Bluepillar */,
				9BD0A5FB1E9F02EC00A06EE0 /* BluepillarUITests */,
				9BD0A5E51E9F02EC00A06EE0 /* Products */,
			);
			sourceTree = "<group>";
		};
		9BD0A5E51E9F02EC00A06EE0 /* Products */ = {
			isa = PBXGroup;
			children = (
				9BD0A5E41E9F02EC00A06EE0 /* Bluepillar.app */,
				9BD0A5F81E9F02EC00A06EE0 /* BluepillarUITests.xctest */,
			);
			name = Products;
			sourceTree = "<group>";
		};
		9BD0A5E61E9F02EC00A06EE0 /* Bluepillar */ = {
			isa = PBXGroup;
			children = (
				9BD0A5E71E9F02EC00A06EE0 /* AppDelegate.swift */,
				9BD0A5E91E9F02EC00A06EE0 /* ViewController.swift */,
				9BD0A5EB1E9F02EC00A06EE0 /* Main.storyboard */,
				9BD0A5EE1E9F02EC00A06EE0 /* Assets.xcassets */,
				9BD0A5F01E9F02EC00A06EE0 /* LaunchScreen.storyboard */,
				9BD0A5F31E9F02EC00A06EE0 /* Info.plist */,
			);
			path = Bluepillar;
			sourceTree = "<group>";
		};
		9BD0A5FB1E9F02EC00A06EE0 /* BluepillarUITests */ = {
			isa = PBXGroup;
			children = (
				9BD0A5FC1E9F02EC00A06EE0 /* OneBluepillarUITests.swift */,
				9BD0A5FE1E9F02EC00A06EE0 /* Info.plist */,
				9BD0A6071E9F18F800A06EE0 /* TwoBluepillarUITests.swift */,
				9BD0A6091E9F190D00A06EE0 /* ThreeBluepillarUITests.swift */,
				9BD0A60B1E9F191B00A06EE0 /* FourBluepillarUITests.swift */,
				9BD0A60D1E9F192F00A06EE0 /* FiveBluepillarUITests.swift */,
				9BD0A60F1E9F193E00A06EE0 /* SixBluepillarUITests.swift */,
			);
			path = BluepillarUITests;
			sourceTree = "<group>";
		};
/* End PBXGroup section */

/* Begin PBXNativeTarget section */
		9BD0A5E31E9F02EC00A06EE0 /* Bluepillar */ = {
			isa = PBXNativeTarget;
			buildConfigurationList = 9BD0A6011E9F02EC00A06EE0 /* Build configuration list for PBXNativeTarget "Bluepillar" */;
			buildPhases = (
				9BD0A5E01E9F02EC00A06EE0 /* Sources */,
				9BD0A5E11E9F02EC00A06EE0 /* Frameworks */,
				9BD0A5E21E9F02EC00A06EE0 /* Resources */,
			);
			buildRules = (
			);
			dependencies = (
			);
			name = Bluepillar;
			productName = Bluepillar;
			productReference = 9BD0A5E41E9F02EC00A06EE0 /* Bluepillar.app */;
			productType = "com.apple.product-type.application";
		};
		9BD0A5F71E9F02EC00A06EE0 /* BluepillarUITests */ = {
			isa = PBXNativeTarget;
			buildConfigurationList = 9BD0A6041E9F02EC00A06EE0 /* Build configuration list for PBXNativeTarget "BluepillarUITests" */;
			buildPhases = (
				9BD0A5F41E9F02EC00A06EE0 /* Sources */,
				9BD0A5F51E9F02EC00A06EE0 /* Frameworks */,
				9BD0A5F61E9F02EC00A06EE0 /* Resources */,
			);
			buildRules = (
			);
			dependencies = (
				9BD0A5FA1E9F02EC00A06EE0 /* PBXTargetDependency */,
			);
			name = BluepillarUITests;
			productName = BluepillarUITests;
			productReference = 9BD0A5F81E9F02EC00A06EE0 /* BluepillarUITests.xctest */;
			productType = "com.apple.product-type.bundle.ui-testing";
		};
/* End PBXNativeTarget section */

/* Begin PBXProject section */
		9BD0A5DC1E9F02EC00A06EE0 /* Project object */ = {
			isa = PBXProject;
			attributes = {
				LastSwiftUpdateCheck = 0830;
				LastUpgradeCheck = 0830;
				ORGANIZATIONNAME = "Shashikant Jagtap";
				TargetAttributes = {
					9BD0A5E31E9F02EC00A06EE0 = {
						CreatedOnToolsVersion = 8.3.1;
						ProvisioningStyle = Automatic;
					};
					9BD0A5F71E9F02EC00A06EE0 = {
						CreatedOnToolsVersion = 8.3.1;
						ProvisioningStyle = Automatic;
						TestTargetID = 9BD0A5E31E9F02EC00A06EE0;
					};
				};
			};
			buildConfigurationList = 9BD0A5DF1E9F02EC00A06EE0 /* Build configuration list for PBXProject "Bluepillar" */;
			compatibilityVersion = "Xcode 3.2";
			developmentRegion = English;
			hasScannedForEncodings = 0;
			knownRegions = (
				en,
				Base,
			);
			mainGroup = 9BD0A5DB1E9F02EC00A06EE0;
			productRefGroup = 9BD0A5E51E9F02EC00A06EE0 /* Products */;
			projectDirPath = "";
			projectRoot = "";
			targets = (
				9BD0A5E31E9F02EC00A06EE0 /* Bluepillar */,
				9BD0A5F71E9F02EC00A06EE0 /* BluepillarUITests */,
			);
		};
/* End PBXProject section */

/* Begin PBXResourcesBuildPhase section */
		9BD0A5E21E9F02EC00A06EE0 /* Resources */ = {
			isa = PBXResourcesBuildPhase;
			buildActionMask = 2147483647;
			files = (
				9BD0A5F21E9F02EC00A06EE0 /* LaunchScreen.storyboard in Resources */,
				9BD0A5EF1E9F02EC00A06EE0 /* Assets.xcassets in Resources */,
				9BD0A5ED1E9F02EC00A06EE0 /* Main.storyboard in Resources */,
			);
			runOnlyForDeploymentPostprocessing = 0;
		};
		9BD0A5F61E9F02EC00A06EE0 /* Resources */ = {
			isa = PBXResourcesBuildPhase;
			buildActionMask = 2147483647;
			files = (
			);
			runOnlyForDeploymentPostprocessing = 0;
		};
/* End PBXResourcesBuildPhase section */

/* Begin PBXSourcesBuildPhase section */
		9BD0A5E01E9F02EC00A06EE0 /* Sources */ = {
			isa = PBXSourcesBuildPhase;
			buildActionMask = 2147483647;
			files = (
				9BD0A5EA1E9F02EC00A06EE0 /* ViewController.swift in Sources */,
				9BD0A5E81E9F02EC00A06EE0 /* AppDelegate.swift in Sources */,
			);
			runOnlyForDeploymentPostprocessing = 0;
		};
		9BD0A5F41E9F02EC00A06EE0 /* Sources */ = {
			isa = PBXSourcesBuildPhase;
			buildActionMask = 2147483647;
			files = (
				9BD0A6101E9F193E00A06EE0 /* SixBluepillarUITests.swift in Sources */,
				9BD0A6081E9F18F800A06EE0 /* TwoBluepillarUITests.swift in Sources */,
				9BD0A5FD1E9F02EC00A06EE0 /* OneBluepillarUITests.swift in Sources */,
				9BD0A60A1E9F190D00A06EE0 /* ThreeBluepillarUITests.swift in Sources */,
				9BD0A60E1E9F192F00A06EE0 /* FiveBluepillarUITests.swift in Sources */,
				9BD0A60C1E9F191B00A06EE0 /* FourBluepillarUITests.swift in Sources */,
			);
			runOnlyForDeploymentPostprocessing = 0;
		};
/* End PBXSourcesBuildPhase section */

/* Begin PBXTargetDependency section */
		9BD0A5FA1E9F02EC00A06EE0 /* PBXTargetDependency */ = {
			isa = PBXTargetDependency;
			target = 9BD0A5E31E9F02EC00A06EE0 /* Bluepillar */;
			targetProxy = 9BD0A5F91E9F02EC00A06EE0 /* PBXContainerItemProxy */;
		};
/* End PBXTargetDependency section */

/* Begin PBXVariantGroup section */
		9BD0A5EB1E9F02EC00A06EE0 /* Main.storyboard */ = {
			isa = PBXVariantGroup;
			children = (
				9BD0A5EC1E9F02EC00A06EE0 /* Base */,
			);
			name = Main.storyboard;
			sourceTree = "<group>";
		};
		9BD0A5F01E9F02EC00A06EE0 /* LaunchScreen.storyboard */ = {
			isa = PBXVariantGroup;
			children = (
				9BD0A5F11E9F02EC00A06EE0 /* Base */,
			);
			name = LaunchScreen.storyboard;
			sourceTree = "<group>";
		};
/* End PBXVariantGroup section */

/* Begin XCBuildConfiguration section */
		9BD0A5FF1E9F02EC00A06EE0 /* Debug */ = {
			isa = XCBuildConfiguration;
			buildSettings = {
				ALWAYS_SEARCH_USER_PATHS = NO;
				CLANG_ANALYZER_NONNULL = YES;
				CLANG_ANALYZER_NUMBER_OBJECT_CONVERSION = YES_AGGRESSIVE;
				CLANG_CXX_LANGUAGE_STANDARD = "gnu++0x";
				CLANG_CXX_LIBRARY = "libc++";
				CLANG_ENABLE_MODULES = YES;
				CLANG_ENABLE_OBJC_ARC = YES;
				CLANG_WARN_BOOL_CONVERSION = YES;
				CLANG_WARN_CONSTANT_CONVERSION = YES;
				CLANG_WARN_DIRECT_OBJC_ISA_USAGE = YES_ERROR;
				CLANG_WARN_DOCUMENTATION_COMMENTS = YES;
				CLANG_WARN_EMPTY_BODY = YES;
				CLANG_WARN_ENUM_CONVERSION = YES;
				CLANG_WARN_INFINITE_RECURSION = YES;
				CLANG_WARN_INT_CONVERSION = YES;
				CLANG_WARN_OBJC_ROOT_CLASS = YES_ERROR;
				CLANG_WARN_SUSPICIOUS_MOVE = YES;
				CLANG_WARN_UNREACHABLE_CODE = YES;
				CLANG_WARN__DUPLICATE_METHOD_MATCH = YES;
				"CODE_SIGN_IDENTITY[sdk=iphoneos*]" = "iPhone Developer";
				COPY_PHASE_STRIP = NO;
				DEBUG_INFORMATION_FORMAT = dwarf;
				ENABLE_STRICT_OBJC_MSGSEND = YES;
				ENABLE_TESTABILITY = YES;
				GCC_C_LANGUAGE_STANDARD = gnu99;
				GCC_DYNAMIC_NO_PIC = NO;
				GCC_NO_COMMON_BLOCKS = YES;
				GCC_OPTIMIZATION_LEVEL = 0;
				GCC_PREPROCESSOR_DEFINITIONS = (
					"DEBUG=1",
					"$(inherited)",
				);
				GCC_WARN_64_TO_32_BIT_CONVERSION = YES;
				GCC_WARN_ABOUT_RETURN_TYPE = YES_ERROR;
				GCC_WARN_UNDECLARED_SELECTOR = YES;
				GCC_WARN_UNINITIALIZED_AUTOS = YES_AGGRESSIVE;
				GCC_WARN_UNUSED_FUNCTION = YES;
				GCC_WARN_UNUSED_VARIABLE = YES;
				IPHONEOS_DEPLOYMENT_TARGET = 10.3;
				MTL_ENABLE_DEBUG_INFO = YES;
				ONLY_ACTIVE_ARCH = YES;
				SDKROOT = iphoneos;
				SWIFT_ACTIVE_COMPILATION_CONDITIONS = DEBUG;
				SWIFT_OPTIMIZATION_LEVEL = "-Onone";
				TARGETED_DEVICE_FAMILY = "1,2";
			};
			name = Debug;
		};
		9BD0A6001E9F02EC00A06EE0 /* Release */ = {
			isa = XCBuildConfiguration;
			buildSettings = {
				ALWAYS_SEARCH_USER_PATHS = NO;
				CLANG_ANALYZER_NONNULL = YES;
				CLANG_ANALYZER_NUMBER_OBJECT_CONVERSION = YES_AGGRESSIVE;
				CLANG_CXX_LANGUAGE_STANDARD = "gnu++0x";
				CLANG_CXX_LIBRARY = "libc++";
				CLANG_ENABLE_MODULES = YES;
				CLANG_ENABLE_OBJC_ARC = YES;
				CLANG_WARN_BOOL_CONVERSION = YES;
				CLANG_WARN_CONSTANT_CONVERSION = YES;
				CLANG_WARN_DIRECT_OBJC_ISA_USAGE = YES_ERROR;
				CLANG_WARN_DOCUMENTATION_COMMENTS = YES;
				CLANG_WARN_EMPTY_BODY = YES;
				CLANG_WARN_ENUM_CONVERSION = YES;
				CLANG_WARN_INFINITE_RECURSION = YES;
				CLANG_WARN_INT_CONVERSION = YES;
				CLANG_WARN_OBJC_ROOT_CLASS = YES_ERROR;
				CLANG_WARN_SUSPICIOUS_MOVE = YES;
				CLANG_WARN_UNREACHABLE_CODE = YES;
				CLANG_WARN__DUPLICATE_METHOD_MATCH = YES;
				"CODE_SIGN_IDENTITY[sdk=iphoneos*]" = "iPhone Developer";
				COPY_PHASE_STRIP = NO;
				DEBUG_INFORMATION_FORMAT = "dwarf-with-dsym";
				ENABLE_NS_ASSERTIONS = NO;
				ENABLE_STRICT_OBJC_MSGSEND = YES;
				GCC_C_LANGUAGE_STANDARD = gnu99;
				GCC_NO_COMMON_BLOCKS = YES;
				GCC_WARN_64_TO_32_BIT_CONVERSION = YES;
				GCC_WARN_ABOUT_RETURN_TYPE = YES_ERROR;
				GCC_WARN_UNDECLARED_SELECTOR = YES;
				GCC_WARN_UNINITIALIZED_AUTOS = YES_AGGRESSIVE;
				GCC_WARN_UNUSED_FUNCTION = YES;
				GCC_WARN_UNUSED_VARIABLE = YES;
				IPHONEOS_DEPLOYMENT_TARGET = 10.3;
				MTL_ENABLE_DEBUG_INFO = NO;
				SDKROOT = iphoneos;
				SWIFT_OPTIMIZATION_LEVEL = "-Owholemodule";
				TARGETED_DEVICE_FAMILY = "1,2";
				VALIDATE_PRODUCT = YES;
			};
			name = Release;
		};
		9BD0A6021E9F02EC00A06EE0 /* Debug */ = {
			isa = XCBuildConfiguration;
			buildSettings = {
				ASSETCATALOG_COMPILER_APPICON_NAME = AppIcon;
				INFOPLIST_FILE = Bluepillar/Info.plist;
				LD_RUNPATH_SEARCH_PATHS = "$(inherited) @executable_path/Frameworks";
				PRODUCT_BUNDLE_IDENTIFIER = test.Bluepillar;
				PRODUCT_NAME = "$(TARGET_NAME)";
				SWIFT_VERSION = 3.0;
			};
			name = Debug;
		};
		9BD0A6031E9F02EC00A06EE0 /* Release */ = {
			isa = XCBuildConfiguration;
			buildSettings = {
				ASSETCATALOG_COMPILER_APPICON_NAME = AppIcon;
				INFOPLIST_FILE = Bluepillar/Info.plist;
				LD_RUNPATH_SEARCH_PATHS = "$(inherited) @executable_path/Frameworks";
				PRODUCT_BUNDLE_IDENTIFIER = test.Bluepillar;
				PRODUCT_NAME = "$(TARGET_NAME)";
				SWIFT_VERSION = 3.0;
			};
			name = Release;
		};
		9BD0A6051E9F02EC00A06EE0 /* Debug */ = {
			isa = XCBuildConfiguration;
			buildSettings = {
				ALWAYS_EMBED_SWIFT_STANDARD_LIBRARIES = YES;
				INFOPLIST_FILE = BluepillarUITests/Info.plist;
				LD_RUNPATH_SEARCH_PATHS = "$(inherited) @executable_path/Frameworks @loader_path/Frameworks";
				PRODUCT_BUNDLE_IDENTIFIER = test.BluepillarUITests;
				PRODUCT_NAME = "$(TARGET_NAME)";
				SWIFT_VERSION = 3.0;
				TEST_TARGET_NAME = Bluepillar;
			};
			name = Debug;
		};
		9BD0A6061E9F02EC00A06EE0 /* Release */ = {
			isa = XCBuildConfiguration;
			buildSettings = {
				ALWAYS_EMBED_SWIFT_STANDARD_LIBRARIES = YES;
				INFOPLIST_FILE = BluepillarUITests/Info.plist;
				LD_RUNPATH_SEARCH_PATHS = "$(inherited) @executable_path/Frameworks @loader_path/Frameworks";
				PRODUCT_BUNDLE_IDENTIFIER = test.BluepillarUITests;
				PRODUCT_NAME = "$(TARGET_NAME)";
				SWIFT_VERSION = 3.0;
				TEST_TARGET_NAME = Bluepillar;
			};
			name = Release;
		};
/* End XCBuildConfiguration section */

/* Begin XCConfigurationList section */
		9BD0A5DF1E9F02EC00A06EE0 /* Build configuration list for PBXProject "Bluepillar" */ = {
			isa = XCConfigurationList;
			buildConfigurations = (
				9BD0A5FF1E9F02EC00A06EE0 /* Debug */,
				9BD0A6001E9F02EC00A06EE0 /* Release */,
			);
			defaultConfigurationIsVisible = 0;
			defaultConfigurationName = Release;
		};
		9BD0A6011E9F02EC00A06EE0 /* Build configuration list for PBXNativeTarget "Bluepillar" */ = {
			isa = XCConfigurationList;
			buildConfigurations = (
				9BD0A6021E9F02EC00A06EE0 /* Debug */,
				9BD0A6031E9F02EC00A06EE0 /* Release */,
			);
			defaultConfigurationIsVisible = 0;
		};
		9BD0A6041E9F02EC00A06EE0 /* Build configuration list for PBXNativeTarget "BluepillarUITests" */ = {
			isa = XCConfigurationList;
			buildConfigurations = (
				9BD0A6051E9F02EC00A06EE0 /* Debug */,
				9BD0A6061E9F02EC00A06EE0 /* Release */,
			);
			defaultConfigurationIsVisible = 0;
		};
/* End XCConfigurationList section */
	};
	rootObject = 9BD0A5DC1E9F02EC00A06EE0 /* Project object */;
}
